{
  "name": "fake-node",
  "version": "0.3.0",
  "lockfileVersion": 3,
  "requires": true,
  "packages": {
    "": {
      "name": "fake-node",
      "version": "0.3.0",
      "license": "MIT",
      "dependencies": {
        "punycode": "^2.3.1"
      },
      "devDependencies": {
        "@types/assert": "^1.5.11",
        "@types/punycode": "^2.1.4",
        "typescript": "^5.7.3"
      }
    },
    "node_modules/@types/assert": {
      "version": "1.5.11",
      "resolved": "https://registry.npmjs.org/@types/assert/-/assert-1.5.11.tgz",
      "integrity": "sha512-FjS1mxq2dlGr9N4z72/DO+XmyRS3ZZIoVn998MEopAN/OmyN28F4yumRL5pOw2z+hbFLuWGYuF2rrw5p11xM5A==",
      "dev": true,
      "license": "MIT"
    },
    "node_modules/@types/punycode": {
      "version": "2.1.4",
      "resolved": "https://registry.npmjs.org/@types/punycode/-/punycode-2.1.4.tgz",
      "integrity": "sha512-trzh6NzBnq8yw5e35f8xe8VTYjqM3NE7bohBtvDVf/dtUer3zYTLK1Ka3DG3p7bdtoaOHZucma6FfVKlQ134pQ==",
      "dev": true,
      "license": "MIT"
    },
    "node_modules/punycode": {
      "version": "2.3.1",
      "resolved": "https://registry.npmjs.org/punycode/-/punycode-2.3.1.tgz",
      "integrity": "sha512-vYt7UD1U9Wg6138shLtLOvdAu+8DsC/ilFtEVHcH+wydcSpNE20AfSOduf6MkRFahL5FY7X1oU7nKVZFtfq8Fg==",
      "license": "MIT",
      "engines": {
        "node": ">=6"
      }
    },
    "node_modules/typescript": {
      "version": "5.7.3",
      "resolved": "https://registry.npmjs.org/typescript/-/typescript-5.7.3.tgz",
      "integrity": "sha512-84MVSjMEHP+FQRPy3pX9sTVV/INIex71s9TL2Gm5FG/WG1SqXeKyZ0k7/blY/4FdOzI12CBy1vGc4og/eus0fw==",
      "dev": true,
      "license": "Apache-2.0",
      "bin": {
        "tsc": "bin/tsc",
        "tsserver": "bin/tsserver"
      },
      "engines": {
        "node": ">=14.17"
      }
    }
  }
}
