{
    "name": "@fake-system/node",
    "version": "0.1.0",
    "lockfileVersion": 3,
    "requires": true,
    "packages": {
        "": {
            "name": "@fake-system/node",
            "version": "0.1.0",
            "license": "MIT",
            "dependencies": {
                "@babel/standalone": "^7.26.9",
                "fake-system": "file:../..",
                "punycode": "^2.3.1"
            },
            "devDependencies": {
                "@types/babel__standalone": "^7.1.9",
                "@types/punycode": "^2.1.4",
                "typescript": "^5.7.3"
            }
        },
        "../..": {
            "version": "0.1.0",
            "license": "MIT",
            "devDependencies": {
                "typescript": "^5.7.3"
            }
        },
        "node_modules/@babel/helper-string-parser": {
            "version": "7.25.9",
            "resolved": "https://registry.npmjs.org/@babel/helper-string-parser/-/helper-string-parser-7.25.9.tgz",
            "integrity": "sha512-4A/SCr/2KLd5jrtOMFzaKjVtAei3+2r/NChoBNoZ3EyP/+GlhoaEGoWOZUmFmoITP7zOJyHIMm+DYRd8o3PvHA==",
            "dev": true,
            "license": "MIT",
            "engines": {
                "node": ">=6.9.0"
            }
        },
        "node_modules/@babel/helper-validator-identifier": {
            "version": "7.25.9",
            "resolved": "https://registry.npmjs.org/@babel/helper-validator-identifier/-/helper-validator-identifier-7.25.9.tgz",
            "integrity": "sha512-Ed61U6XJc3CVRfkERJWDz4dJwKe7iLmmJsbOGu9wSloNSFttHV0I8g6UAgb7qnK5ly5bGLPd4oXZlxCdANBOWQ==",
            "dev": true,
            "license": "MIT",
            "engines": {
                "node": ">=6.9.0"
            }
        },
        "node_modules/@babel/parser": {
            "version": "7.26.9",
            "resolved": "https://registry.npmjs.org/@babel/parser/-/parser-7.26.9.tgz",
            "integrity": "sha512-81NWa1njQblgZbQHxWHpxxCzNsa3ZwvFqpUg7P+NNUU6f3UU2jBEg4OlF/J6rl8+PQGh1q6/zWScd001YwcA5A==",
            "dev": true,
            "license": "MIT",
            "dependencies": {
                "@babel/types": "^7.26.9"
            },
            "bin": {
                "parser": "bin/babel-parser.js"
            },
            "engines": {
                "node": ">=6.0.0"
            }
        },
        "node_modules/@babel/standalone": {
            "version": "7.26.9",
            "resolved": "https://registry.npmjs.org/@babel/standalone/-/standalone-7.26.9.tgz",
            "integrity": "sha512-UTeQKy0kzJwWRe55kT1uK4G9H6D0lS6G4207hCU/bDaOhA5t2aC0qHN6GmID0Axv3OFLNXm27NdqcWp+BXcGtA==",
            "license": "MIT",
            "engines": {
                "node": ">=6.9.0"
            }
        },
        "node_modules/@babel/types": {
            "version": "7.26.9",
            "resolved": "https://registry.npmjs.org/@babel/types/-/types-7.26.9.tgz",
            "integrity": "sha512-Y3IR1cRnOxOCDvMmNiym7XpXQ93iGDDPHx+Zj+NM+rg0fBaShfQLkg+hKPaZCEvg5N/LeCo4+Rj/i3FuJsIQaw==",
            "dev": true,
            "license": "MIT",
            "dependencies": {
                "@babel/helper-string-parser": "^7.25.9",
                "@babel/helper-validator-identifier": "^7.25.9"
            },
            "engines": {
                "node": ">=6.9.0"
            }
        },
        "node_modules/@types/babel__core": {
            "version": "7.20.5",
            "resolved": "https://registry.npmjs.org/@types/babel__core/-/babel__core-7.20.5.tgz",
            "integrity": "sha512-qoQprZvz5wQFJwMDqeseRXWv3rqMvhgpbXFfVyWhbx9X47POIA6i/+dXefEmZKoAgOaTdaIgNSMqMIU61yRyzA==",
            "dev": true,
            "license": "MIT",
            "dependencies": {
                "@babel/parser": "^7.20.7",
                "@babel/types": "^7.20.7",
                "@types/babel__generator": "*",
                "@types/babel__template": "*",
                "@types/babel__traverse": "*"
            }
        },
        "node_modules/@types/babel__generator": {
            "version": "7.6.8",
            "resolved": "https://registry.npmjs.org/@types/babel__generator/-/babel__generator-7.6.8.tgz",
            "integrity": "sha512-ASsj+tpEDsEiFr1arWrlN6V3mdfjRMZt6LtK/Vp/kreFLnr5QH5+DhvD5nINYZXzwJvXeGq+05iUXcAzVrqWtw==",
            "dev": true,
            "license": "MIT",
            "dependencies": {
                "@babel/types": "^7.0.0"
            }
        },
        "node_modules/@types/babel__standalone": {
            "version": "7.1.9",
            "resolved": "https://registry.npmjs.org/@types/babel__standalone/-/babel__standalone-7.1.9.tgz",
            "integrity": "sha512-IcCNPLqpevUD7UpV8QB0uwQPOyoOKACFf0YtYWRHcmxcakaje4Q7dbG2+jMqxw/I8Zk0NHvEps66WwS7z/UaaA==",
            "dev": true,
            "license": "MIT",
            "dependencies": {
                "@babel/parser": "^7.25.6",
                "@babel/types": "^7.25.6",
                "@types/babel__core": "^7.20.5",
                "@types/babel__generator": "^7.6.8",
                "@types/babel__template": "^7.4.4",
                "@types/babel__traverse": "^7.20.6"
            }
        },
        "node_modules/@types/babel__template": {
            "version": "7.4.4",
            "resolved": "https://registry.npmjs.org/@types/babel__template/-/babel__template-7.4.4.tgz",
            "integrity": "sha512-h/NUaSyG5EyxBIp8YRxo4RMe2/qQgvyowRwVMzhYhBCONbW8PUsg4lkFMrhgZhUe5z3L3MiLDuvyJ/CaPa2A8A==",
            "dev": true,
            "license": "MIT",
            "dependencies": {
                "@babel/parser": "^7.1.0",
                "@babel/types": "^7.0.0"
            }
        },
        "node_modules/@types/babel__traverse": {
            "version": "7.20.6",
            "resolved": "https://registry.npmjs.org/@types/babel__traverse/-/babel__traverse-7.20.6.tgz",
            "integrity": "sha512-r1bzfrm0tomOI8g1SzvCaQHo6Lcv6zu0EA+W2kHrt8dyrHQxGzBBL4kdkzIS+jBMV+EYcMAEAqXqYaLJq5rOZg==",
            "dev": true,
            "license": "MIT",
            "dependencies": {
                "@babel/types": "^7.20.7"
            }
        },
        "node_modules/@types/punycode": {
            "version": "2.1.4",
            "resolved": "https://registry.npmjs.org/@types/punycode/-/punycode-2.1.4.tgz",
            "integrity": "sha512-trzh6NzBnq8yw5e35f8xe8VTYjqM3NE7bohBtvDVf/dtUer3zYTLK1Ka3DG3p7bdtoaOHZucma6FfVKlQ134pQ==",
            "dev": true,
            "license": "MIT"
        },
        "node_modules/fake-system": {
            "resolved": "../..",
            "link": true
        },
        "node_modules/punycode": {
            "version": "2.3.1",
            "resolved": "https://registry.npmjs.org/punycode/-/punycode-2.3.1.tgz",
            "integrity": "sha512-vYt7UD1U9Wg6138shLtLOvdAu+8DsC/ilFtEVHcH+wydcSpNE20AfSOduf6MkRFahL5FY7X1oU7nKVZFtfq8Fg==",
            "license": "MIT",
            "engines": {
                "node": ">=6"
            }
        },
        "node_modules/typescript": {
            "version": "5.8.2",
            "resolved": "https://registry.npmjs.org/typescript/-/typescript-5.8.2.tgz",
            "integrity": "sha512-aJn6wq13/afZp/jT9QZmwEjDqqvSGp1VT5GVg+f/t6/oVyrgXM6BY1h9BRh/O5p3PlUPAe+WuiEZOmb/49RqoQ==",
            "dev": true,
            "license": "Apache-2.0",
            "bin": {
                "tsc": "bin/tsc",
                "tsserver": "bin/tsserver"
            },
            "engines": {
                "node": ">=14.17"
            }
        }
    }
}
